
Microsoft Visual Studio Solution File, Format Version 12.00
# Visual Studio Version 17
VisualStudioVersion = 17.2.32526.322
MinimumVisualStudioVersion = 10.0.40219.1
Project("{9A19103F-16F7-4668-BE54-9A1E7A4F7556}") = "ListServices", "ListServices\ListServices.csproj", "{C69CBE96-6976-4F1B-A561-DCAB7F840D4D}"
EndProject
Project("{9A19103F-16F7-4668-BE54-9A1E7A4F7556}") = "EmptyProject", "EmptyProject\EmptyProject.csproj", "{89CB0E29-3332-4089-A16F-D7E8FF308BD9}"
EndProject
Project("{FAE04EC0-301F-11D3-BF4B-00C04F79EFBC}") = "UseService", "UseService\UseService.csproj", "{D6673DC1-A225-47F9-8A1D-8863F8CC765F}"
EndProject
Project("{FAE04EC0-301F-11D3-BF4B-00C04F79EFBC}") = "MiddlewareDependencyInjection", "MiddlewareDependencyInjection\MiddlewareDependencyInjection.csproj", "{C5ADAF15-C4B0-475A-879F-E5521BE21B3D}"
EndProject
Project("{FAE04EC0-301F-11D3-BF4B-00C04F79EFBC}") = "MiddlewareDependencyInjection2", "MiddlewareDependencyInjection2\MiddlewareDependencyInjection2.csproj", "{D29CE170-FAE5-4CA3-9FDB-52682DB90169}"
EndProject
Global
	GlobalSection(SolutionConfigurationPlatforms) = preSolution
		Debug|Any CPU = Debug|Any CPU
		Release|Any CPU = Release|Any CPU
	EndGlobalSection
	GlobalSection(ProjectConfigurationPlatforms) = postSolution
		{C69CBE96-6976-4F1B-A561-DCAB7F840D4D}.Debug|Any CPU.ActiveCfg = Debug|Any CPU
		{C69CBE96-6976-4F1B-A561-DCAB7F840D4D}.Debug|Any CPU.Build.0 = Debug|Any CPU
		{C69CBE96-6976-4F1B-A561-DCAB7F840D4D}.Release|Any CPU.ActiveCfg = Release|Any CPU
		{C69CBE96-6976-4F1B-A561-DCAB7F840D4D}.Release|Any CPU.Build.0 = Release|Any CPU
		{89CB0E29-3332-4089-A16F-D7E8FF308BD9}.Debug|Any CPU.ActiveCfg = Debug|Any CPU
		{89CB0E29-3332-4089-A16F-D7E8FF308BD9}.Debug|Any CPU.Build.0 = Debug|Any CPU
		{89CB0E29-3332-4089-A16F-D7E8FF308BD9}.Release|Any CPU.ActiveCfg = Release|Any CPU
		{89CB0E29-3332-4089-A16F-D7E8FF308BD9}.Release|Any CPU.Build.0 = Release|Any CPU
		{D6673DC1-A225-47F9-8A1D-8863F8CC765F}.Debug|Any CPU.ActiveCfg = Debug|Any CPU
		{D6673DC1-A225-47F9-8A1D-8863F8CC765F}.Debug|Any CPU.Build.0 = Debug|Any CPU
		{D6673DC1-A225-47F9-8A1D-8863F8CC765F}.Release|Any CPU.ActiveCfg = Release|Any CPU
		{D6673DC1-A225-47F9-8A1D-8863F8CC765F}.Release|Any CPU.Build.0 = Release|Any CPU
		{C5ADAF15-C4B0-475A-879F-E5521BE21B3D}.Debug|Any CPU.ActiveCfg = Debug|Any CPU
		{C5ADAF15-C4B0-475A-879F-E5521BE21B3D}.Debug|Any CPU.Build.0 = Debug|Any CPU
		{C5ADAF15-C4B0-475A-879F-E5521BE21B3D}.Release|Any CPU.ActiveCfg = Release|Any CPU
		{C5ADAF15-C4B0-475A-879F-E5521BE21B3D}.Release|Any CPU.Build.0 = Release|Any CPU
		{D29CE170-FAE5-4CA3-9FDB-52682DB90169}.Debug|Any CPU.ActiveCfg = Debug|Any CPU
		{D29CE170-FAE5-4CA3-9FDB-52682DB90169}.Debug|Any CPU.Build.0 = Debug|Any CPU
		{D29CE170-FAE5-4CA3-9FDB-52682DB90169}.Release|Any CPU.ActiveCfg = Release|Any CPU
		{D29CE170-FAE5-4CA3-9FDB-52682DB90169}.Release|Any CPU.Build.0 = Release|Any CPU
	EndGlobalSection
	GlobalSection(SolutionProperties) = preSolution
		HideSolutionNode = FALSE
	EndGlobalSection
	GlobalSection(ExtensibilityGlobals) = postSolution
		SolutionGuid = {C7851E14-AC20-4A8E-9E88-0A4F22D0446D}
	EndGlobalSection
EndGlobal
